<?xml version="1.0" encoding="utf-8"?>
<Project ToolsVersion="4.0" xmlns="http://schemas.microsoft.com/developer/msbuild/2003">
  <ItemGroup>
    <Filter Include="Source Files">
      <UniqueIdentifier>{4FC737F1-C7A5-4376-A066-2A32D752A2FF}</UniqueIdentifier>
      <Extensions>cpp;c;cc;cxx;c++;cppm;ixx;def;odl;idl;hpj;bat;asm;asmx</Extensions>
    </Filter>
    <Filter Include="Header Files">
      <UniqueIdentifier>{93995380-89BD-4b04-88EB-625FBE52EBFB}</UniqueIdentifier>
      <Extensions>h;hh;hpp;hxx;h++;hm;inl;inc;ipp;xsd</Extensions>
    </Filter>
    <Filter Include="Resource Files">
      <UniqueIdentifier>{67DA6AB6-F800-4c08-8B7A-83BB121AAD01}</UniqueIdentifier>
      <Extensions>rc;ico;cur;bmp;dlg;rc2;rct;bin;rgs;gif;jpg;jpeg;jpe;resx;tiff;tif;png;wav;mfcribbon-ms</Extensions>
    </Filter>
  </ItemGroup>
  <ItemGroup>
    <ClCompile Include="main.cpp">
      <Filter>Source Files</Filter>
    </ClCompile>
  </ItemGroup>
  <ItemGroup>
    <Font Include="Fonts\arial.ttf" />
    <Font Include="Fonts\arialbd.ttf" />
    <Font Include="Fonts\arialbi.ttf" />
    <Font Include="Fonts\ariali.ttf" />
    <Font Include="Fonts\ARIALN.TTF" />
    <Font Include="Fonts\ARIALNB.TTF" />
    <Font Include="Fonts\ARIALNBI.TTF" />
    <Font Include="Fonts\ARIALNI.TTF" />
    <Font Include="Fonts\ariblk.ttf" />
  </ItemGroup>
  <ItemGroup>
    <None Include="Shaders\quad.vs" />
    <None Include="Shaders\full3d.fs" />
    <None Include="Shaders\full3d.vs" />
    <None Include="Shaders\normal.fs" />
    <None Include="Shaders\normal.gs" />
    <None Include="Shaders\normal.vs" />
    <None Include="Shaders\outline.fs" />
    <None Include="Shaders\outline.vs" />
    <None Include="Shaders\quad.fs" />
    <None Include="Shaders\text.fs" />
    <None Include="Shaders\text.vs" />
    <None Include="Models3D\sphere.obj" />
    <None Include="Models3D\cube.obj" />
    <None Include="Models3D\fullhdpenis.obj" />
    <None Include="Models3D\fullhdsphere.obj" />
    <None Include="Models3D\helicopter.obj" />
    <None Include="Models3D\koleso.obj" />
    <None Include="Models3D\xyu.obj" />
    <None Include="Models3D\test.obj" />
    <None Include="Models3D\troll.obj" />
    <None Include="Shaders\textNEW.vs" />
    <None Include="Shaders\textNEW.fs" />
    <None Include="Shaders\simpleQuad.vs" />
    <None Include="Shaders\simpleQuad.fs" />
  </ItemGroup>
  <ItemGroup>
    <Image Include="Textures\blackFace.jpg">
      <Filter>Resource Files</Filter>
    </Image>
    <Image Include="Textures\simpleFace.png">
      <Filter>Resource Files</Filter>
    </Image>
  </ItemGroup>
</Project>